
Microsoft Visual Studio Solution File, Format Version 12.00
# Visual Studio Version 17
VisualStudioVersion = 17.3.32728.150
MinimumVisualStudioVersion = 10.0.40219.1
Project("{FAE04EC0-301F-11D3-BF4B-00C04F79EFBC}") = "ManejoPresupuesto", "ManejoPresupuesto\ManejoPresupuesto.csproj", "{2EFDE70C-BFD1-478B-858E-61B2C7CACF1C}"
EndProject
Global
	GlobalSection(SolutionConfigurationPlatforms) = preSolution
		Debug|Any CPU = Debug|Any CPU
		Release|Any CPU = Release|Any CPU
	EndGlobalSection
	GlobalSection(ProjectConfigurationPlatforms) = postSolution
		{2EFDE70C-BFD1-478B-858E-61B2C7CACF1C}.Debug|Any CPU.ActiveCfg = Debug|Any CPU
		{2EFDE70C-BFD1-478B-858E-61B2C7CACF1C}.Debug|Any CPU.Build.0 = Debug|Any CPU
		{2EFDE70C-BFD1-478B-858E-61B2C7CACF1C}.Release|Any CPU.ActiveCfg = Release|Any CPU
		{2EFDE70C-BFD1-478B-858E-61B2C7CACF1C}.Release|Any CPU.Build.0 = Release|Any CPU
	EndGlobalSection
	GlobalSection(SolutionProperties) = preSolution
		HideSolutionNode = FALSE
	EndGlobalSection
	GlobalSection(ExtensibilityGlobals) = postSolution
		SolutionGuid = {B308E2A3-4E57-4002-81D6-822BE0C078D2}
	EndGlobalSection
EndGlobal
